// !$*UTF8*$!
{
	archiveVersion = 1;
	classes = {
	};
	objectVersion = 55;
	objects = {

/* Begin PBXBuildFile section */
		274A9A7B29FA3DF3007DFADC /* UT_appApp.swift in Sources */ = {isa = PBXBuildFile; fileRef = 274A9A7A29FA3DF3007DFADC /* UT_appApp.swift */; };
		274A9A7D29FA3DF3007DFADC /* ContentView.swift in Sources */ = {isa = PBXBuildFile; fileRef = 274A9A7C29FA3DF3007DFADC /* ContentView.swift */; };
		274A9A7F29FA3DF3007DFADC /* Assets.xcassets in Resources */ = {isa = PBXBuildFile; fileRef = 274A9A7E29FA3DF3007DFADC /* Assets.xcassets */; };
		274A9A8229FA3DF3007DFADC /* Preview Assets.xcassets in Resources */ = {isa = PBXBuildFile; fileRef = 274A9A8129FA3DF3007DFADC /* Preview Assets.xcassets */; };
		274A9A9029FA3E13007DFADC /* UT_appTests.swift in Sources */ = {isa = PBXBuildFile; fileRef = 274A9A8F29FA3E13007DFADC /* UT_appTests.swift */; };
/* End PBXBuildFile section */

/* Begin PBXContainerItemProxy section */
		274A9A9129FA3E13007DFADC /* PBXContainerItemProxy */ = {
			isa = PBXContainerItemProxy;
			containerPortal = 274A9A6F29FA3DF3007DFADC /* Project object */;
			proxyType = 1;
			remoteGlobalIDString = 274A9A7629FA3DF3007DFADC;
			remoteInfo = "UT-app";
		};
/* End PBXContainerItemProxy section */

/* Begin PBXFileReference section */
		274A9A7729FA3DF3007DFADC /* UT-app.app */ = {isa = PBXFileReference; explicitFileType = wrapper.application; includeInIndex = 0; path = "UT-app.app"; sourceTree = BUILT_PRODUCTS_DIR; };
		274A9A7A29FA3DF3007DFADC /* UT_appApp.swift */ = {isa = PBXFileReference; lastKnownFileType = sourcecode.swift; path = UT_appApp.swift; sourceTree = "<group>"; };
		274A9A7C29FA3DF3007DFADC /* ContentView.swift */ = {isa = PBXFileReference; lastKnownFileType = sourcecode.swift; path = ContentView.swift; sourceTree = "<group>"; };
		274A9A7E29FA3DF3007DFADC /* Assets.xcassets */ = {isa = PBXFileReference; lastKnownFileType = folder.assetcatalog; path = Assets.xcassets; sourceTree = "<group>"; };
		274A9A8129FA3DF3007DFADC /* Preview Assets.xcassets */ = {isa = PBXFileReference; lastKnownFileType = folder.assetcatalog; path = "Preview Assets.xcassets"; sourceTree = "<group>"; };
		274A9A8329FA3DF3007DFADC /* UT_app.entitlements */ = {isa = PBXFileReference; lastKnownFileType = text.plist.entitlements; path = UT_app.entitlements; sourceTree = "<group>"; };
		274A9A8D29FA3E13007DFADC /* UT-appTests.xctest */ = {isa = PBXFileReference; explicitFileType = wrapper.cfbundle; includeInIndex = 0; path = "UT-appTests.xctest"; sourceTree = BUILT_PRODUCTS_DIR; };
		274A9A8F29FA3E13007DFADC /* UT_appTests.swift */ = {isa = PBXFileReference; lastKnownFileType = sourcecode.swift; path = UT_appTests.swift; sourceTree = "<group>"; };
/* End PBXFileReference section */

/* Begin PBXFrameworksBuildPhase section */
		274A9A7429FA3DF3007DFADC /* Frameworks */ = {
			isa = PBXFrameworksBuildPhase;
			buildActionMask = 2147483647;
			files = (
			);
			runOnlyForDeploymentPostprocessing = 0;
		};
		274A9A8A29FA3E13007DFADC /* Frameworks */ = {
			isa = PBXFrameworksBuildPhase;
			buildActionMask = 2147483647;
			files = (
			);
			runOnlyForDeploymentPostprocessing = 0;
		};
/* End PBXFrameworksBuildPhase section */

/* Begin PBXGroup section */
		274A9A6E29FA3DF3007DFADC = {
			isa = PBXGroup;
			children = (
				274A9A7929FA3DF3007DFADC /* UT-app */,
				274A9A8E29FA3E13007DFADC /* UT-appTests */,
				274A9A7829FA3DF3007DFADC /* Products */,
			);
			sourceTree = "<group>";
		};
		274A9A7829FA3DF3007DFADC /* Products */ = {
			isa = PBXGroup;
			children = (
				274A9A7729FA3DF3007DFADC /* UT-app.app */,
				274A9A8D29FA3E13007DFADC /* UT-appTests.xctest */,
			);
			name = Products;
			sourceTree = "<group>";
		};
		274A9A7929FA3DF3007DFADC /* UT-app */ = {
			isa = PBXGroup;
			children = (
				274A9A7A29FA3DF3007DFADC /* UT_appApp.swift */,
				274A9A7C29FA3DF3007DFADC /* ContentView.swift */,
				274A9A7E29FA3DF3007DFADC /* Assets.xcassets */,
				274A9A8329FA3DF3007DFADC /* UT_app.entitlements */,
				274A9A8029FA3DF3007DFADC /* Preview Content */,
			);
			path = "UT-app";
			sourceTree = "<group>";
		};
		274A9A8029FA3DF3007DFADC /* Preview Content */ = {
			isa = PBXGroup;
			children = (
				274A9A8129FA3DF3007DFADC /* Preview Assets.xcassets */,
			);
			path = "Preview Content";
			sourceTree = "<group>";
		};
		274A9A8E29FA3E13007DFADC /* UT-appTests */ = {
			isa = PBXGroup;
			children = (
				274A9A8F29FA3E13007DFADC /* UT_appTests.swift */,
			);
			path = "UT-appTests";
			sourceTree = "<group>";
		};
/* End PBXGroup section */

/* Begin PBXNativeTarget section */
		274A9A7629FA3DF3007DFADC /* UT-app */ = {
			isa = PBXNativeTarget;
			buildConfigurationList = 274A9A8629FA3DF3007DFADC /* Build configuration list for PBXNativeTarget "UT-app" */;
			buildPhases = (
				274A9A7329FA3DF3007DFADC /* Sources */,
				274A9A7429FA3DF3007DFADC /* Frameworks */,
				274A9A7529FA3DF3007DFADC /* Resources */,
			);
			buildRules = (
			);
			dependencies = (
			);
			name = "UT-app";
			productName = "UT-app";
			productReference = 274A9A7729FA3DF3007DFADC /* UT-app.app */;
			productType = "com.apple.product-type.application";
		};
		274A9A8C29FA3E13007DFADC /* UT-appTests */ = {
			isa = PBXNativeTarget;
			buildConfigurationList = 274A9A9329FA3E13007DFADC /* Build configuration list for PBXNativeTarget "UT-appTests" */;
			buildPhases = (
				274A9A8929FA3E13007DFADC /* Sources */,
				274A9A8A29FA3E13007DFADC /* Frameworks */,
				274A9A8B29FA3E13007DFADC /* Resources */,
			);
			buildRules = (
			);
			dependencies = (
				274A9A9229FA3E13007DFADC /* PBXTargetDependency */,
			);
			name = "UT-appTests";
			productName = "UT-appTests";
			productReference = 274A9A8D29FA3E13007DFADC /* UT-appTests.xctest */;
			productType = "com.apple.product-type.bundle.unit-test";
		};
/* End PBXNativeTarget section */

/* Begin PBXProject section */
		274A9A6F29FA3DF3007DFADC /* Project object */ = {
			isa = PBXProject;
			attributes = {
				BuildIndependentTargetsInParallel = 1;
				LastSwiftUpdateCheck = 1340;
				LastUpgradeCheck = 1340;
				TargetAttributes = {
					274A9A7629FA3DF3007DFADC = {
						CreatedOnToolsVersion = 13.4.1;
					};
					274A9A8C29FA3E13007DFADC = {
						CreatedOnToolsVersion = 13.4.1;
						TestTargetID = 274A9A7629FA3DF3007DFADC;
					};
				};
			};
			buildConfigurationList = 274A9A7229FA3DF3007DFADC /* Build configuration list for PBXProject "UT-app" */;
			compatibilityVersion = "Xcode 13.0";
			developmentRegion = en;
			hasScannedForEncodings = 0;
			knownRegions = (
				en,
				Base,
			);
			mainGroup = 274A9A6E29FA3DF3007DFADC;
			productRefGroup = 274A9A7829FA3DF3007DFADC /* Products */;
			projectDirPath = "";
			projectRoot = "";
			targets = (
				274A9A7629FA3DF3007DFADC /* UT-app */,
				274A9A8C29FA3E13007DFADC /* UT-appTests */,
			);
		};
/* End PBXProject section */

/* Begin PBXResourcesBuildPhase section */
		274A9A7529FA3DF3007DFADC /* Resources */ = {
			isa = PBXResourcesBuildPhase;
			buildActionMask = 2147483647;
			files = (
				274A9A8229FA3DF3007DFADC /* Preview Assets.xcassets in Resources */,
				274A9A7F29FA3DF3007DFADC /* Assets.xcassets in Resources */,
			);
			runOnlyForDeploymentPostprocessing = 0;
		};
		274A9A8B29FA3E13007DFADC /* Resources */ = {
			isa = PBXResourcesBuildPhase;
			buildActionMask = 2147483647;
			files = (
			);
			runOnlyForDeploymentPostprocessing = 0;
		};
/* End PBXResourcesBuildPhase section */

/* Begin PBXSourcesBuildPhase section */
		274A9A7329FA3DF3007DFADC /* Sources */ = {
			isa = PBXSourcesBuildPhase;
			buildActionMask = 2147483647;
			files = (
				274A9A7D29FA3DF3007DFADC /* ContentView.swift in Sources */,
				274A9A7B29FA3DF3007DFADC /* UT_appApp.swift in Sources */,
			);
			runOnlyForDeploymentPostprocessing = 0;
		};
		274A9A8929FA3E13007DFADC /* Sources */ = {
			isa = PBXSourcesBuildPhase;
			buildActionMask = 2147483647;
			files = (
				274A9A9029FA3E13007DFADC /* UT_appTests.swift in Sources */,
			);
			runOnlyForDeploymentPostprocessing = 0;
		};
/* End PBXSourcesBuildPhase section */

/* Begin PBXTargetDependency section */
		274A9A9229FA3E13007DFADC /* PBXTargetDependency */ = {
			isa = PBXTargetDependency;
			target = 274A9A7629FA3DF3007DFADC /* UT-app */;
			targetProxy = 274A9A9129FA3E13007DFADC /* PBXContainerItemProxy */;
		};
/* End PBXTargetDependency section */

/* Begin XCBuildConfiguration section */
		274A9A8429FA3DF3007DFADC /* Debug */ = {
			isa = XCBuildConfiguration;
			buildSettings = {
				ALWAYS_SEARCH_USER_PATHS = NO;
				CLANG_ANALYZER_NONNULL = YES;
				CLANG_ANALYZER_NUMBER_OBJECT_CONVERSION = YES_AGGRESSIVE;
				CLANG_CXX_LANGUAGE_STANDARD = "gnu++17";
				CLANG_ENABLE_MODULES = YES;
				CLANG_ENABLE_OBJC_ARC = YES;
				CLANG_ENABLE_OBJC_WEAK = YES;
				CLANG_WARN_BLOCK_CAPTURE_AUTORELEASING = YES;
				CLANG_WARN_BOOL_CONVERSION = YES;
				CLANG_WARN_COMMA = YES;
				CLANG_WARN_CONSTANT_CONVERSION = YES;
				CLANG_WARN_DEPRECATED_OBJC_IMPLEMENTATIONS = YES;
				CLANG_WARN_DIRECT_OBJC_ISA_USAGE = YES_ERROR;
				CLANG_WARN_DOCUMENTATION_COMMENTS = YES;
				CLANG_WARN_EMPTY_BODY = YES;
				CLANG_WARN_ENUM_CONVERSION = YES;
				CLANG_WARN_INFINITE_RECURSION = YES;
				CLANG_WARN_INT_CONVERSION = YES;
				CLANG_WARN_NON_LITERAL_NULL_CONVERSION = YES;
				CLANG_WARN_OBJC_IMPLICIT_RETAIN_SELF = YES;
				CLANG_WARN_OBJC_LITERAL_CONVERSION = YES;
				CLANG_WARN_OBJC_ROOT_CLASS = YES_ERROR;
				CLANG_WARN_QUOTED_INCLUDE_IN_FRAMEWORK_HEADER = YES;
				CLANG_WARN_RANGE_LOOP_ANALYSIS = YES;
				CLANG_WARN_STRICT_PROTOTYPES = YES;
				CLANG_WARN_SUSPICIOUS_MOVE = YES;
				CLANG_WARN_UNGUARDED_AVAILABILITY = YES_AGGRESSIVE;
				CLANG_WARN_UNREACHABLE_CODE = YES;
				CLANG_WARN__DUPLICATE_METHOD_MATCH = YES;
				COPY_PHASE_STRIP = NO;
				DEBUG_INFORMATION_FORMAT = dwarf;
				ENABLE_STRICT_OBJC_MSGSEND = YES;
				ENABLE_TESTABILITY = YES;
				GCC_C_LANGUAGE_STANDARD = gnu11;
				GCC_DYNAMIC_NO_PIC = NO;
				GCC_NO_COMMON_BLOCKS = YES;
				GCC_OPTIMIZATION_LEVEL = 0;
				GCC_PREPROCESSOR_DEFINITIONS = (
					"DEBUG=1",
					"$(inherited)",
				);
				GCC_WARN_64_TO_32_BIT_CONVERSION = YES;
				GCC_WARN_ABOUT_RETURN_TYPE = YES_ERROR;
				GCC_WARN_UNDECLARED_SELECTOR = YES;
				GCC_WARN_UNINITIALIZED_AUTOS = YES_AGGRESSIVE;
				GCC_WARN_UNUSED_FUNCTION = YES;
				GCC_WARN_UNUSED_VARIABLE = YES;
				MACOSX_DEPLOYMENT_TARGET = 12.3;
				MTL_ENABLE_DEBUG_INFO = INCLUDE_SOURCE;
				MTL_FAST_MATH = YES;
				ONLY_ACTIVE_ARCH = YES;
				SDKROOT = macosx;
				SWIFT_ACTIVE_COMPILATION_CONDITIONS = DEBUG;
				SWIFT_OPTIMIZATION_LEVEL = "-Onone";
			};
			name = Debug;
		};
		274A9A8529FA3DF3007DFADC /* Release */ = {
			isa = XCBuildConfiguration;
			buildSettings = {
				ALWAYS_SEARCH_USER_PATHS = NO;
				CLANG_ANALYZER_NONNULL = YES;
				CLANG_ANALYZER_NUMBER_OBJECT_CONVERSION = YES_AGGRESSIVE;
				CLANG_CXX_LANGUAGE_STANDARD = "gnu++17";
				CLANG_ENABLE_MODULES = YES;
				CLANG_ENABLE_OBJC_ARC = YES;
				CLANG_ENABLE_OBJC_WEAK = YES;
				CLANG_WARN_BLOCK_CAPTURE_AUTORELEASING = YES;
				CLANG_WARN_BOOL_CONVERSION = YES;
				CLANG_WARN_COMMA = YES;
				CLANG_WARN_CONSTANT_CONVERSION = YES;
				CLANG_WARN_DEPRECATED_OBJC_IMPLEMENTATIONS = YES;
				CLANG_WARN_DIRECT_OBJC_ISA_USAGE = YES_ERROR;
				CLANG_WARN_DOCUMENTATION_COMMENTS = YES;
				CLANG_WARN_EMPTY_BODY = YES;
				CLANG_WARN_ENUM_CONVERSION = YES;
				CLANG_WARN_INFINITE_RECURSION = YES;
				CLANG_WARN_INT_CONVERSION = YES;
				CLANG_WARN_NON_LITERAL_NULL_CONVERSION = YES;
				CLANG_WARN_OBJC_IMPLICIT_RETAIN_SELF = YES;
				CLANG_WARN_OBJC_LITERAL_CONVERSION = YES;
				CLANG_WARN_OBJC_ROOT_CLASS = YES_ERROR;
				CLANG_WARN_QUOTED_INCLUDE_IN_FRAMEWORK_HEADER = YES;
				CLANG_WARN_RANGE_LOOP_ANALYSIS = YES;
				CLANG_WARN_STRICT_PROTOTYPES = YES;
				CLANG_WARN_SUSPICIOUS_MOVE = YES;
				CLANG_WARN_UNGUARDED_AVAILABILITY = YES_AGGRESSIVE;
				CLANG_WARN_UNREACHABLE_CODE = YES;
				CLANG_WARN__DUPLICATE_METHOD_MATCH = YES;
				COPY_PHASE_STRIP = NO;
				DEBUG_INFORMATION_FORMAT = "dwarf-with-dsym";
				ENABLE_NS_ASSERTIONS = NO;
				ENABLE_STRICT_OBJC_MSGSEND = YES;
				GCC_C_LANGUAGE_STANDARD = gnu11;
				GCC_NO_COMMON_BLOCKS = YES;
				GCC_WARN_64_TO_32_BIT_CONVERSION = YES;
				GCC_WARN_ABOUT_RETURN_TYPE = YES_ERROR;
				GCC_WARN_UNDECLARED_SELECTOR = YES;
				GCC_WARN_UNINITIALIZED_AUTOS = YES_AGGRESSIVE;
				GCC_WARN_UNUSED_FUNCTION = YES;
				GCC_WARN_UNUSED_VARIABLE = YES;
				MACOSX_DEPLOYMENT_TARGET = 12.3;
				MTL_ENABLE_DEBUG_INFO = NO;
				MTL_FAST_MATH = YES;
				SDKROOT = macosx;
				SWIFT_COMPILATION_MODE = wholemodule;
				SWIFT_OPTIMIZATION_LEVEL = "-O";
			};
			name = Release;
		};
		274A9A8729FA3DF3007DFADC /* Debug */ = {
			isa = XCBuildConfiguration;
			buildSettings = {
				ASSETCATALOG_COMPILER_APPICON_NAME = AppIcon;
				ASSETCATALOG_COMPILER_GLOBAL_ACCENT_COLOR_NAME = AccentColor;
				CODE_SIGN_ENTITLEMENTS = "UT-app/UT_app.entitlements";
				CODE_SIGN_STYLE = Automatic;
				COMBINE_HIDPI_IMAGES = YES;
				CURRENT_PROJECT_VERSION = 1;
				DEVELOPMENT_ASSET_PATHS = "\"UT-app/Preview Content\"";
				ENABLE_PREVIEWS = YES;
				GENERATE_INFOPLIST_FILE = YES;
				INFOPLIST_KEY_NSHumanReadableCopyright = "";
				LD_RUNPATH_SEARCH_PATHS = (
					"$(inherited)",
					"@executable_path/../Frameworks",
				);
				MARKETING_VERSION = 1.0;
				PRODUCT_BUNDLE_IDENTIFIER = "com.tip.in.UT-app";
				PRODUCT_NAME = "$(TARGET_NAME)";
				SWIFT_EMIT_LOC_STRINGS = YES;
				SWIFT_VERSION = 5.0;
			};
			name = Debug;
		};
		274A9A8829FA3DF3007DFADC /* Release */ = {
			isa = XCBuildConfiguration;
			buildSettings = {
				ASSETCATALOG_COMPILER_APPICON_NAME = AppIcon;
				ASSETCATALOG_COMPILER_GLOBAL_ACCENT_COLOR_NAME = AccentColor;
				CODE_SIGN_ENTITLEMENTS = "UT-app/UT_app.entitlements";
				CODE_SIGN_STYLE = Automatic;
				COMBINE_HIDPI_IMAGES = YES;
				CURRENT_PROJECT_VERSION = 1;
				DEVELOPMENT_ASSET_PATHS = "\"UT-app/Preview Content\"";
				ENABLE_PREVIEWS = YES;
				GENERATE_INFOPLIST_FILE = YES;
				INFOPLIST_KEY_NSHumanReadableCopyright = "";
				LD_RUNPATH_SEARCH_PATHS = (
					"$(inherited)",
					"@executable_path/../Frameworks",
				);
				MARKETING_VERSION = 1.0;
				PRODUCT_BUNDLE_IDENTIFIER = "com.tip.in.UT-app";
				PRODUCT_NAME = "$(TARGET_NAME)";
				SWIFT_EMIT_LOC_STRINGS = YES;
				SWIFT_VERSION = 5.0;
			};
			name = Release;
		};
		274A9A9429FA3E13007DFADC /* Debug */ = {
			isa = XCBuildConfiguration;
			buildSettings = {
				BUNDLE_LOADER = "$(TEST_HOST)";
				CODE_SIGN_STYLE = Automatic;
				CURRENT_PROJECT_VERSION = 1;
				GENERATE_INFOPLIST_FILE = YES;
				MARKETING_VERSION = 1.0;
				PRODUCT_BUNDLE_IDENTIFIER = "com.tip.in.UT-appTests";
				PRODUCT_NAME = "$(TARGET_NAME)";
				SWIFT_EMIT_LOC_STRINGS = NO;
				SWIFT_VERSION = 5.0;
				TEST_HOST = "$(BUILT_PRODUCTS_DIR)/UT-app.app/Contents/MacOS/UT-app";
			};
			name = Debug;
		};
		274A9A9529FA3E13007DFADC /* Release */ = {
			isa = XCBuildConfiguration;
			buildSettings = {
				BUNDLE_LOADER = "$(TEST_HOST)";
				CODE_SIGN_STYLE = Automatic;
				CURRENT_PROJECT_VERSION = 1;
				GENERATE_INFOPLIST_FILE = YES;
				MARKETING_VERSION = 1.0;
				PRODUCT_BUNDLE_IDENTIFIER = "com.tip.in.UT-appTests";
				PRODUCT_NAME = "$(TARGET_NAME)";
				SWIFT_EMIT_LOC_STRINGS = NO;
				SWIFT_VERSION = 5.0;
				TEST_HOST = "$(BUILT_PRODUCTS_DIR)/UT-app.app/Contents/MacOS/UT-app";
			};
			name = Release;
		};
/* End XCBuildConfiguration section */

/* Begin XCConfigurationList section */
		274A9A7229FA3DF3007DFADC /* Build configuration list for PBXProject "UT-app" */ = {
			isa = XCConfigurationList;
			buildConfigurations = (
				274A9A8429FA3DF3007DFADC /* Debug */,
				274A9A8529FA3DF3007DFADC /* Release */,
			);
			defaultConfigurationIsVisible = 0;
			defaultConfigurationName = Release;
		};
		274A9A8629FA3DF3007DFADC /* Build configuration list for PBXNativeTarget "UT-app" */ = {
			isa = XCConfigurationList;
			buildConfigurations = (
				274A9A8729FA3DF3007DFADC /* Debug */,
				274A9A8829FA3DF3007DFADC /* Release */,
			);
			defaultConfigurationIsVisible = 0;
			defaultConfigurationName = Release;
		};
		274A9A9329FA3E13007DFADC /* Build configuration list for PBXNativeTarget "UT-appTests" */ = {
			isa = XCConfigurationList;
			buildConfigurations = (
				274A9A9429FA3E13007DFADC /* Debug */,
				274A9A9529FA3E13007DFADC /* Release */,
			);
			defaultConfigurationIsVisible = 0;
			defaultConfigurationName = Release;
		};
/* End XCConfigurationList section */
	};
	rootObject = 274A9A6F29FA3DF3007DFADC /* Project object */;
}
